// !$*UTF8*$!
{
	archiveVersion = 1;
	classes = {
	};
	objectVersion = 50;
	objects = {

/* Begin PBXBuildFile section */
		84C0B87423A148FC00C4BBC0 /* AppDelegate.swift in Sources */ = {isa = PBXBuildFile; fileRef = 84C0B87323A148FC00C4BBC0 /* AppDelegate.swift */; };
		84C0B87623A148FC00C4BBC0 /* SceneDelegate.swift in Sources */ = {isa = PBXBuildFile; fileRef = 84C0B87523A148FC00C4BBC0 /* SceneDelegate.swift */; };
		84C0B87823A148FC00C4BBC0 /* ViewController.swift in Sources */ = {isa = PBXBuildFile; fileRef = 84C0B87723A148FC00C4BBC0 /* ViewController.swift */; };
		84C0B87B23A148FC00C4BBC0 /* Main.storyboard in Resources */ = {isa = PBXBuildFile; fileRef = 84C0B87923A148FC00C4BBC0 /* Main.storyboard */; };
		84C0B87E23A148FC00C4BBC0 /* TestRepo.xcdatamodeld in Sources */ = {isa = PBXBuildFile; fileRef = 84C0B87C23A148FC00C4BBC0 /* TestRepo.xcdatamodeld */; };
		84C0B88023A148FF00C4BBC0 /* Assets.xcassets in Resources */ = {isa = PBXBuildFile; fileRef = 84C0B87F23A148FF00C4BBC0 /* Assets.xcassets */; };
		84C0B88323A148FF00C4BBC0 /* LaunchScreen.storyboard in Resources */ = {isa = PBXBuildFile; fileRef = 84C0B88123A148FF00C4BBC0 /* LaunchScreen.storyboard */; };
		84C0B88E23A148FF00C4BBC0 /* TestRepoTests.swift in Sources */ = {isa = PBXBuildFile; fileRef = 84C0B88D23A148FF00C4BBC0 /* TestRepoTests.swift */; };
		84C0B89923A1490000C4BBC0 /* TestRepoUITests.swift in Sources */ = {isa = PBXBuildFile; fileRef = 84C0B89823A1490000C4BBC0 /* TestRepoUITests.swift */; };
/* End PBXBuildFile section */

/* Begin PBXContainerItemProxy section */
		84C0B88A23A148FF00C4BBC0 /* PBXContainerItemProxy */ = {
			isa = PBXContainerItemProxy;
			containerPortal = 84C0B86823A148FC00C4BBC0 /* Project object */;
			proxyType = 1;
			remoteGlobalIDString = 84C0B86F23A148FC00C4BBC0;
			remoteInfo = TestRepo;
		};
		84C0B89523A148FF00C4BBC0 /* PBXContainerItemProxy */ = {
			isa = PBXContainerItemProxy;
			containerPortal = 84C0B86823A148FC00C4BBC0 /* Project object */;
			proxyType = 1;
			remoteGlobalIDString = 84C0B86F23A148FC00C4BBC0;
			remoteInfo = TestRepo;
		};
/* End PBXContainerItemProxy section */

/* Begin PBXFileReference section */
		84C0B87023A148FC00C4BBC0 /* TestRepo.app */ = {isa = PBXFileReference; explicitFileType = wrapper.application; includeInIndex = 0; path = TestRepo.app; sourceTree = BUILT_PRODUCTS_DIR; };
		84C0B87323A148FC00C4BBC0 /* AppDelegate.swift */ = {isa = PBXFileReference; lastKnownFileType = sourcecode.swift; path = AppDelegate.swift; sourceTree = "<group>"; };
		84C0B87523A148FC00C4BBC0 /* SceneDelegate.swift */ = {isa = PBXFileReference; lastKnownFileType = sourcecode.swift; path = SceneDelegate.swift; sourceTree = "<group>"; };
		84C0B87723A148FC00C4BBC0 /* ViewController.swift */ = {isa = PBXFileReference; lastKnownFileType = sourcecode.swift; path = ViewController.swift; sourceTree = "<group>"; };
		84C0B87A23A148FC00C4BBC0 /* Base */ = {isa = PBXFileReference; lastKnownFileType = file.storyboard; name = Base; path = Base.lproj/Main.storyboard; sourceTree = "<group>"; };
		84C0B87D23A148FC00C4BBC0 /* TestRepo.xcdatamodel */ = {isa = PBXFileReference; lastKnownFileType = wrapper.xcdatamodel; path = TestRepo.xcdatamodel; sourceTree = "<group>"; };
		84C0B87F23A148FF00C4BBC0 /* Assets.xcassets */ = {isa = PBXFileReference; lastKnownFileType = folder.assetcatalog; path = Assets.xcassets; sourceTree = "<group>"; };
		84C0B88223A148FF00C4BBC0 /* Base */ = {isa = PBXFileReference; lastKnownFileType = file.storyboard; name = Base; path = Base.lproj/LaunchScreen.storyboard; sourceTree = "<group>"; };
		84C0B88423A148FF00C4BBC0 /* Info.plist */ = {isa = PBXFileReference; lastKnownFileType = text.plist.xml; path = Info.plist; sourceTree = "<group>"; };
		84C0B88923A148FF00C4BBC0 /* TestRepoTests.xctest */ = {isa = PBXFileReference; explicitFileType = wrapper.cfbundle; includeInIndex = 0; path = TestRepoTests.xctest; sourceTree = BUILT_PRODUCTS_DIR; };
		84C0B88D23A148FF00C4BBC0 /* TestRepoTests.swift */ = {isa = PBXFileReference; lastKnownFileType = sourcecode.swift; path = TestRepoTests.swift; sourceTree = "<group>"; };
		84C0B88F23A148FF00C4BBC0 /* Info.plist */ = {isa = PBXFileReference; lastKnownFileType = text.plist.xml; path = Info.plist; sourceTree = "<group>"; };
		84C0B89423A148FF00C4BBC0 /* TestRepoUITests.xctest */ = {isa = PBXFileReference; explicitFileType = wrapper.cfbundle; includeInIndex = 0; path = TestRepoUITests.xctest; sourceTree = BUILT_PRODUCTS_DIR; };
		84C0B89823A1490000C4BBC0 /* TestRepoUITests.swift */ = {isa = PBXFileReference; lastKnownFileType = sourcecode.swift; path = TestRepoUITests.swift; sourceTree = "<group>"; };
		84C0B89A23A1490000C4BBC0 /* Info.plist */ = {isa = PBXFileReference; lastKnownFileType = text.plist.xml; path = Info.plist; sourceTree = "<group>"; };
/* End PBXFileReference section */

/* Begin PBXFrameworksBuildPhase section */
		84C0B86D23A148FC00C4BBC0 /* Frameworks */ = {
			isa = PBXFrameworksBuildPhase;
			buildActionMask = 2147483647;
			files = (
			);
			runOnlyForDeploymentPostprocessing = 0;
		};
		84C0B88623A148FF00C4BBC0 /* Frameworks */ = {
			isa = PBXFrameworksBuildPhase;
			buildActionMask = 2147483647;
			files = (
			);
			runOnlyForDeploymentPostprocessing = 0;
		};
		84C0B89123A148FF00C4BBC0 /* Frameworks */ = {
			isa = PBXFrameworksBuildPhase;
			buildActionMask = 2147483647;
			files = (
			);
			runOnlyForDeploymentPostprocessing = 0;
		};
/* End PBXFrameworksBuildPhase section */

/* Begin PBXGroup section */
		84C0B86723A148FC00C4BBC0 = {
			isa = PBXGroup;
			children = (
				84C0B87223A148FC00C4BBC0 /* TestRepo */,
				84C0B88C23A148FF00C4BBC0 /* TestRepoTests */,
				84C0B89723A1490000C4BBC0 /* TestRepoUITests */,
				84C0B87123A148FC00C4BBC0 /* Products */,
			);
			sourceTree = "<group>";
		};
		84C0B87123A148FC00C4BBC0 /* Products */ = {
			isa = PBXGroup;
			children = (
				84C0B87023A148FC00C4BBC0 /* TestRepo.app */,
				84C0B88923A148FF00C4BBC0 /* TestRepoTests.xctest */,
				84C0B89423A148FF00C4BBC0 /* TestRepoUITests.xctest */,
			);
			name = Products;
			sourceTree = "<group>";
		};
		84C0B87223A148FC00C4BBC0 /* TestRepo */ = {
			isa = PBXGroup;
			children = (
				84C0B87323A148FC00C4BBC0 /* AppDelegate.swift */,
				84C0B87523A148FC00C4BBC0 /* SceneDelegate.swift */,
				84C0B87723A148FC00C4BBC0 /* ViewController.swift */,
				84C0B87923A148FC00C4BBC0 /* Main.storyboard */,
				84C0B87F23A148FF00C4BBC0 /* Assets.xcassets */,
				84C0B88123A148FF00C4BBC0 /* LaunchScreen.storyboard */,
				84C0B88423A148FF00C4BBC0 /* Info.plist */,
				84C0B87C23A148FC00C4BBC0 /* TestRepo.xcdatamodeld */,
			);
			path = TestRepo;
			sourceTree = "<group>";
		};
		84C0B88C23A148FF00C4BBC0 /* TestRepoTests */ = {
			isa = PBXGroup;
			children = (
				84C0B88D23A148FF00C4BBC0 /* TestRepoTests.swift */,
				84C0B88F23A148FF00C4BBC0 /* Info.plist */,
			);
			path = TestRepoTests;
			sourceTree = "<group>";
		};
		84C0B89723A1490000C4BBC0 /* TestRepoUITests */ = {
			isa = PBXGroup;
			children = (
				84C0B89823A1490000C4BBC0 /* TestRepoUITests.swift */,
				84C0B89A23A1490000C4BBC0 /* Info.plist */,
			);
			path = TestRepoUITests;
			sourceTree = "<group>";
		};
/* End PBXGroup section */

/* Begin PBXNativeTarget section */
		84C0B86F23A148FC00C4BBC0 /* TestRepo */ = {
			isa = PBXNativeTarget;
			buildConfigurationList = 84C0B89D23A1490000C4BBC0 /* Build configuration list for PBXNativeTarget "TestRepo" */;
			buildPhases = (
				84C0B86C23A148FC00C4BBC0 /* Sources */,
				84C0B86D23A148FC00C4BBC0 /* Frameworks */,
				84C0B86E23A148FC00C4BBC0 /* Resources */,
			);
			buildRules = (
			);
			dependencies = (
			);
			name = TestRepo;
			productName = TestRepo;
			productReference = 84C0B87023A148FC00C4BBC0 /* TestRepo.app */;
			productType = "com.apple.product-type.application";
		};
		84C0B88823A148FF00C4BBC0 /* TestRepoTests */ = {
			isa = PBXNativeTarget;
			buildConfigurationList = 84C0B8A023A1490000C4BBC0 /* Build configuration list for PBXNativeTarget "TestRepoTests" */;
			buildPhases = (
				84C0B88523A148FF00C4BBC0 /* Sources */,
				84C0B88623A148FF00C4BBC0 /* Frameworks */,
				84C0B88723A148FF00C4BBC0 /* Resources */,
			);
			buildRules = (
			);
			dependencies = (
				84C0B88B23A148FF00C4BBC0 /* PBXTargetDependency */,
			);
			name = TestRepoTests;
			productName = TestRepoTests;
			productReference = 84C0B88923A148FF00C4BBC0 /* TestRepoTests.xctest */;
			productType = "com.apple.product-type.bundle.unit-test";
		};
		84C0B89323A148FF00C4BBC0 /* TestRepoUITests */ = {
			isa = PBXNativeTarget;
			buildConfigurationList = 84C0B8A323A1490000C4BBC0 /* Build configuration list for PBXNativeTarget "TestRepoUITests" */;
			buildPhases = (
				84C0B89023A148FF00C4BBC0 /* Sources */,
				84C0B89123A148FF00C4BBC0 /* Frameworks */,
				84C0B89223A148FF00C4BBC0 /* Resources */,
			);
			buildRules = (
			);
			dependencies = (
				84C0B89623A148FF00C4BBC0 /* PBXTargetDependency */,
			);
			name = TestRepoUITests;
			productName = TestRepoUITests;
			productReference = 84C0B89423A148FF00C4BBC0 /* TestRepoUITests.xctest */;
			productType = "com.apple.product-type.bundle.ui-testing";
		};
/* End PBXNativeTarget section */

/* Begin PBXProject section */
		84C0B86823A148FC00C4BBC0 /* Project object */ = {
			isa = PBXProject;
			attributes = {
				LastSwiftUpdateCheck = 1120;
				LastUpgradeCheck = 1120;
				ORGANIZATIONNAME = admin;
				TargetAttributes = {
					84C0B86F23A148FC00C4BBC0 = {
						CreatedOnToolsVersion = 11.2.1;
					};
					84C0B88823A148FF00C4BBC0 = {
						CreatedOnToolsVersion = 11.2.1;
						TestTargetID = 84C0B86F23A148FC00C4BBC0;
					};
					84C0B89323A148FF00C4BBC0 = {
						CreatedOnToolsVersion = 11.2.1;
						TestTargetID = 84C0B86F23A148FC00C4BBC0;
					};
				};
			};
			buildConfigurationList = 84C0B86B23A148FC00C4BBC0 /* Build configuration list for PBXProject "TestRepo" */;
			compatibilityVersion = "Xcode 9.3";
			developmentRegion = en;
			hasScannedForEncodings = 0;
			knownRegions = (
				en,
				Base,
			);
			mainGroup = 84C0B86723A148FC00C4BBC0;
			productRefGroup = 84C0B87123A148FC00C4BBC0 /* Products */;
			projectDirPath = "";
			projectRoot = "";
			targets = (
				84C0B86F23A148FC00C4BBC0 /* TestRepo */,
				84C0B88823A148FF00C4BBC0 /* TestRepoTests */,
				84C0B89323A148FF00C4BBC0 /* TestRepoUITests */,
			);
		};
/* End PBXProject section */

/* Begin PBXResourcesBuildPhase section */
		84C0B86E23A148FC00C4BBC0 /* Resources */ = {
			isa = PBXResourcesBuildPhase;
			buildActionMask = 2147483647;
			files = (
				84C0B88323A148FF00C4BBC0 /* LaunchScreen.storyboard in Resources */,
				84C0B88023A148FF00C4BBC0 /* Assets.xcassets in Resources */,
				84C0B87B23A148FC00C4BBC0 /* Main.storyboard in Resources */,
			);
			runOnlyForDeploymentPostprocessing = 0;
		};
		84C0B88723A148FF00C4BBC0 /* Resources */ = {
			isa = PBXResourcesBuildPhase;
			buildActionMask = 2147483647;
			files = (
			);
			runOnlyForDeploymentPostprocessing = 0;
		};
		84C0B89223A148FF00C4BBC0 /* Resources */ = {
			isa = PBXResourcesBuildPhase;
			buildActionMask = 2147483647;
			files = (
			);
			runOnlyForDeploymentPostprocessing = 0;
		};
/* End PBXResourcesBuildPhase section */

/* Begin PBXSourcesBuildPhase section */
		84C0B86C23A148FC00C4BBC0 /* Sources */ = {
			isa = PBXSourcesBuildPhase;
			buildActionMask = 2147483647;
			files = (
				84C0B87823A148FC00C4BBC0 /* ViewController.swift in Sources */,
				84C0B87423A148FC00C4BBC0 /* AppDelegate.swift in Sources */,
				84C0B87623A148FC00C4BBC0 /* SceneDelegate.swift in Sources */,
				84C0B87E23A148FC00C4BBC0 /* TestRepo.xcdatamodeld in Sources */,
			);
			runOnlyForDeploymentPostprocessing = 0;
		};
		84C0B88523A148FF00C4BBC0 /* Sources */ = {
			isa = PBXSourcesBuildPhase;
			buildActionMask = 2147483647;
			files = (
				84C0B88E23A148FF00C4BBC0 /* TestRepoTests.swift in Sources */,
			);
			runOnlyForDeploymentPostprocessing = 0;
		};
		84C0B89023A148FF00C4BBC0 /* Sources */ = {
			isa = PBXSourcesBuildPhase;
			buildActionMask = 2147483647;
			files = (
				84C0B89923A1490000C4BBC0 /* TestRepoUITests.swift in Sources */,
			);
			runOnlyForDeploymentPostprocessing = 0;
		};
/* End PBXSourcesBuildPhase section */

/* Begin PBXTargetDependency section */
		84C0B88B23A148FF00C4BBC0 /* PBXTargetDependency */ = {
			isa = PBXTargetDependency;
			target = 84C0B86F23A148FC00C4BBC0 /* TestRepo */;
			targetProxy = 84C0B88A23A148FF00C4BBC0 /* PBXContainerItemProxy */;
		};
		84C0B89623A148FF00C4BBC0 /* PBXTargetDependency */ = {
			isa = PBXTargetDependency;
			target = 84C0B86F23A148FC00C4BBC0 /* TestRepo */;
			targetProxy = 84C0B89523A148FF00C4BBC0 /* PBXContainerItemProxy */;
		};
/* End PBXTargetDependency section */

/* Begin PBXVariantGroup section */
		84C0B87923A148FC00C4BBC0 /* Main.storyboard */ = {
			isa = PBXVariantGroup;
			children = (
				84C0B87A23A148FC00C4BBC0 /* Base */,
			);
			name = Main.storyboard;
			sourceTree = "<group>";
		};
		84C0B88123A148FF00C4BBC0 /* LaunchScreen.storyboard */ = {
			isa = PBXVariantGroup;
			children = (
				84C0B88223A148FF00C4BBC0 /* Base */,
			);
			name = LaunchScreen.storyboard;
			sourceTree = "<group>";
		};
/* End PBXVariantGroup section */

/* Begin XCBuildConfiguration section */
		84C0B89B23A1490000C4BBC0 /* Debug */ = {
			isa = XCBuildConfiguration;
			buildSettings = {
				ALWAYS_SEARCH_USER_PATHS = NO;
				CLANG_ANALYZER_NONNULL = YES;
				CLANG_ANALYZER_NUMBER_OBJECT_CONVERSION = YES_AGGRESSIVE;
				CLANG_CXX_LANGUAGE_STANDARD = "gnu++14";
				CLANG_CXX_LIBRARY = "libc++";
				CLANG_ENABLE_MODULES = YES;
				CLANG_ENABLE_OBJC_ARC = YES;
				CLANG_ENABLE_OBJC_WEAK = YES;
				CLANG_WARN_BLOCK_CAPTURE_AUTORELEASING = YES;
				CLANG_WARN_BOOL_CONVERSION = YES;
				CLANG_WARN_COMMA = YES;
				CLANG_WARN_CONSTANT_CONVERSION = YES;
				CLANG_WARN_DEPRECATED_OBJC_IMPLEMENTATIONS = YES;
				CLANG_WARN_DIRECT_OBJC_ISA_USAGE = YES_ERROR;
				CLANG_WARN_DOCUMENTATION_COMMENTS = YES;
				CLANG_WARN_EMPTY_BODY = YES;
				CLANG_WARN_ENUM_CONVERSION = YES;
				CLANG_WARN_INFINITE_RECURSION = YES;
				CLANG_WARN_INT_CONVERSION = YES;
				CLANG_WARN_NON_LITERAL_NULL_CONVERSION = YES;
				CLANG_WARN_OBJC_IMPLICIT_RETAIN_SELF = YES;
				CLANG_WARN_OBJC_LITERAL_CONVERSION = YES;
				CLANG_WARN_OBJC_ROOT_CLASS = YES_ERROR;
				CLANG_WARN_RANGE_LOOP_ANALYSIS = YES;
				CLANG_WARN_STRICT_PROTOTYPES = YES;
				CLANG_WARN_SUSPICIOUS_MOVE = YES;
				CLANG_WARN_UNGUARDED_AVAILABILITY = YES_AGGRESSIVE;
				CLANG_WARN_UNREACHABLE_CODE = YES;
				CLANG_WARN__DUPLICATE_METHOD_MATCH = YES;
				COPY_PHASE_STRIP = NO;
				DEBUG_INFORMATION_FORMAT = dwarf;
				ENABLE_STRICT_OBJC_MSGSEND = YES;
				ENABLE_TESTABILITY = YES;
				GCC_C_LANGUAGE_STANDARD = gnu11;
				GCC_DYNAMIC_NO_PIC = NO;
				GCC_NO_COMMON_BLOCKS = YES;
				GCC_OPTIMIZATION_LEVEL = 0;
				GCC_PREPROCESSOR_DEFINITIONS = (
					"DEBUG=1",
					"$(inherited)",
				);
				GCC_WARN_64_TO_32_BIT_CONVERSION = YES;
				GCC_WARN_ABOUT_RETURN_TYPE = YES_ERROR;
				GCC_WARN_UNDECLARED_SELECTOR = YES;
				GCC_WARN_UNINITIALIZED_AUTOS = YES_AGGRESSIVE;
				GCC_WARN_UNUSED_FUNCTION = YES;
				GCC_WARN_UNUSED_VARIABLE = YES;
				IPHONEOS_DEPLOYMENT_TARGET = 13.2;
				MTL_ENABLE_DEBUG_INFO = INCLUDE_SOURCE;
				MTL_FAST_MATH = YES;
				ONLY_ACTIVE_ARCH = YES;
				SDKROOT = iphoneos;
				SWIFT_ACTIVE_COMPILATION_CONDITIONS = DEBUG;
				SWIFT_OPTIMIZATION_LEVEL = "-Onone";
			};
			name = Debug;
		};
		84C0B89C23A1490000C4BBC0 /* Release */ = {
			isa = XCBuildConfiguration;
			buildSettings = {
				ALWAYS_SEARCH_USER_PATHS = NO;
				CLANG_ANALYZER_NONNULL = YES;
				CLANG_ANALYZER_NUMBER_OBJECT_CONVERSION = YES_AGGRESSIVE;
				CLANG_CXX_LANGUAGE_STANDARD = "gnu++14";
				CLANG_CXX_LIBRARY = "libc++";
				CLANG_ENABLE_MODULES = YES;
				CLANG_ENABLE_OBJC_ARC = YES;
				CLANG_ENABLE_OBJC_WEAK = YES;
				CLANG_WARN_BLOCK_CAPTURE_AUTORELEASING = YES;
				CLANG_WARN_BOOL_CONVERSION = YES;
				CLANG_WARN_COMMA = YES;
				CLANG_WARN_CONSTANT_CONVERSION = YES;
				CLANG_WARN_DEPRECATED_OBJC_IMPLEMENTATIONS = YES;
				CLANG_WARN_DIRECT_OBJC_ISA_USAGE = YES_ERROR;
				CLANG_WARN_DOCUMENTATION_COMMENTS = YES;
				CLANG_WARN_EMPTY_BODY = YES;
				CLANG_WARN_ENUM_CONVERSION = YES;
				CLANG_WARN_INFINITE_RECURSION = YES;
				CLANG_WARN_INT_CONVERSION = YES;
				CLANG_WARN_NON_LITERAL_NULL_CONVERSION = YES;
				CLANG_WARN_OBJC_IMPLICIT_RETAIN_SELF = YES;
				CLANG_WARN_OBJC_LITERAL_CONVERSION = YES;
				CLANG_WARN_OBJC_ROOT_CLASS = YES_ERROR;
				CLANG_WARN_RANGE_LOOP_ANALYSIS = YES;
				CLANG_WARN_STRICT_PROTOTYPES = YES;
				CLANG_WARN_SUSPICIOUS_MOVE = YES;
				CLANG_WARN_UNGUARDED_AVAILABILITY = YES_AGGRESSIVE;
				CLANG_WARN_UNREACHABLE_CODE = YES;
				CLANG_WARN__DUPLICATE_METHOD_MATCH = YES;
				COPY_PHASE_STRIP = NO;
				DEBUG_INFORMATION_FORMAT = "dwarf-with-dsym";
				ENABLE_NS_ASSERTIONS = NO;
				ENABLE_STRICT_OBJC_MSGSEND = YES;
				GCC_C_LANGUAGE_STANDARD = gnu11;
				GCC_NO_COMMON_BLOCKS = YES;
				GCC_WARN_64_TO_32_BIT_CONVERSION = YES;
				GCC_WARN_ABOUT_RETURN_TYPE = YES_ERROR;
				GCC_WARN_UNDECLARED_SELECTOR = YES;
				GCC_WARN_UNINITIALIZED_AUTOS = YES_AGGRESSIVE;
				GCC_WARN_UNUSED_FUNCTION = YES;
				GCC_WARN_UNUSED_VARIABLE = YES;
				IPHONEOS_DEPLOYMENT_TARGET = 13.2;
				MTL_ENABLE_DEBUG_INFO = NO;
				MTL_FAST_MATH = YES;
				SDKROOT = iphoneos;
				SWIFT_COMPILATION_MODE = wholemodule;
				SWIFT_OPTIMIZATION_LEVEL = "-O";
				VALIDATE_PRODUCT = YES;
			};
			name = Release;
		};
		84C0B89E23A1490000C4BBC0 /* Debug */ = {
			isa = XCBuildConfiguration;
			buildSettings = {
				ASSETCATALOG_COMPILER_APPICON_NAME = AppIcon;
				CODE_SIGN_STYLE = Automatic;
				DEVELOPMENT_TEAM = T4FS3BZ4T8;
				INFOPLIST_FILE = TestRepo/Info.plist;
				LD_RUNPATH_SEARCH_PATHS = (
					"$(inherited)",
					"@executable_path/Frameworks",
				);
				PRODUCT_BUNDLE_IDENTIFIER = com.Kishore.TestRepo;
				PRODUCT_NAME = "$(TARGET_NAME)";
				SWIFT_VERSION = 5.0;
				TARGETED_DEVICE_FAMILY = "1,2";
			};
			name = Debug;
		};
		84C0B89F23A1490000C4BBC0 /* Release */ = {
			isa = XCBuildConfiguration;
			buildSettings = {
				ASSETCATALOG_COMPILER_APPICON_NAME = AppIcon;
				CODE_SIGN_STYLE = Automatic;
				DEVELOPMENT_TEAM = T4FS3BZ4T8;
				INFOPLIST_FILE = TestRepo/Info.plist;
				LD_RUNPATH_SEARCH_PATHS = (
					"$(inherited)",
					"@executable_path/Frameworks",
				);
				PRODUCT_BUNDLE_IDENTIFIER = com.Kishore.TestRepo;
				PRODUCT_NAME = "$(TARGET_NAME)";
				SWIFT_VERSION = 5.0;
				TARGETED_DEVICE_FAMILY = "1,2";
			};
			name = Release;
		};
		84C0B8A123A1490000C4BBC0 /* Debug */ = {
			isa = XCBuildConfiguration;
			buildSettings = {
				ALWAYS_EMBED_SWIFT_STANDARD_LIBRARIES = YES;
				BUNDLE_LOADER = "$(TEST_HOST)";
				CODE_SIGN_STYLE = Automatic;
				DEVELOPMENT_TEAM = T4FS3BZ4T8;
				INFOPLIST_FILE = TestRepoTests/Info.plist;
				IPHONEOS_DEPLOYMENT_TARGET = 13.2;
				LD_RUNPATH_SEARCH_PATHS = (
					"$(inherited)",
					"@executable_path/Frameworks",
					"@loader_path/Frameworks",
				);
				PRODUCT_BUNDLE_IDENTIFIER = com.Kishore.TestRepoTests;
				PRODUCT_NAME = "$(TARGET_NAME)";
				SWIFT_VERSION = 5.0;
				TARGETED_DEVICE_FAMILY = "1,2";
				TEST_HOST = "$(BUILT_PRODUCTS_DIR)/TestRepo.app/TestRepo";
			};
			name = Debug;
		};
		84C0B8A223A1490000C4BBC0 /* Release */ = {
			isa = XCBuildConfiguration;
			buildSettings = {
				ALWAYS_EMBED_SWIFT_STANDARD_LIBRARIES = YES;
				BUNDLE_LOADER = "$(TEST_HOST)";
				CODE_SIGN_STYLE = Automatic;
				DEVELOPMENT_TEAM = T4FS3BZ4T8;
				INFOPLIST_FILE = TestRepoTests/Info.plist;
				IPHONEOS_DEPLOYMENT_TARGET = 13.2;
				LD_RUNPATH_SEARCH_PATHS = (
					"$(inherited)",
					"@executable_path/Frameworks",
					"@loader_path/Frameworks",
				);
				PRODUCT_BUNDLE_IDENTIFIER = com.Kishore.TestRepoTests;
				PRODUCT_NAME = "$(TARGET_NAME)";
				SWIFT_VERSION = 5.0;
				TARGETED_DEVICE_FAMILY = "1,2";
				TEST_HOST = "$(BUILT_PRODUCTS_DIR)/TestRepo.app/TestRepo";
			};
			name = Release;
		};
		84C0B8A423A1490000C4BBC0 /* Debug */ = {
			isa = XCBuildConfiguration;
			buildSettings = {
				ALWAYS_EMBED_SWIFT_STANDARD_LIBRARIES = YES;
				CODE_SIGN_STYLE = Automatic;
				DEVELOPMENT_TEAM = T4FS3BZ4T8;
				INFOPLIST_FILE = TestRepoUITests/Info.plist;
				LD_RUNPATH_SEARCH_PATHS = (
					"$(inherited)",
					"@executable_path/Frameworks",
					"@loader_path/Frameworks",
				);
				PRODUCT_BUNDLE_IDENTIFIER = com.Kishore.TestRepoUITests;
				PRODUCT_NAME = "$(TARGET_NAME)";
				SWIFT_VERSION = 5.0;
				TARGETED_DEVICE_FAMILY = "1,2";
				TEST_TARGET_NAME = TestRepo;
			};
			name = Debug;
		};
		84C0B8A523A1490000C4BBC0 /* Release */ = {
			isa = XCBuildConfiguration;
			buildSettings = {
				ALWAYS_EMBED_SWIFT_STANDARD_LIBRARIES = YES;
				CODE_SIGN_STYLE = Automatic;
				DEVELOPMENT_TEAM = T4FS3BZ4T8;
				INFOPLIST_FILE = TestRepoUITests/Info.plist;
				LD_RUNPATH_SEARCH_PATHS = (
					"$(inherited)",
					"@executable_path/Frameworks",
					"@loader_path/Frameworks",
				);
				PRODUCT_BUNDLE_IDENTIFIER = com.Kishore.TestRepoUITests;
				PRODUCT_NAME = "$(TARGET_NAME)";
				SWIFT_VERSION = 5.0;
				TARGETED_DEVICE_FAMILY = "1,2";
				TEST_TARGET_NAME = TestRepo;
			};
			name = Release;
		};
/* End XCBuildConfiguration section */

/* Begin XCConfigurationList section */
		84C0B86B23A148FC00C4BBC0 /* Build configuration list for PBXProject "TestRepo" */ = {
			isa = XCConfigurationList;
			buildConfigurations = (
				84C0B89B23A1490000C4BBC0 /* Debug */,
				84C0B89C23A1490000C4BBC0 /* Release */,
			);
			defaultConfigurationIsVisible = 0;
			defaultConfigurationName = Release;
		};
		84C0B89D23A1490000C4BBC0 /* Build configuration list for PBXNativeTarget "TestRepo" */ = {
			isa = XCConfigurationList;
			buildConfigurations = (
				84C0B89E23A1490000C4BBC0 /* Debug */,
				84C0B89F23A1490000C4BBC0 /* Release */,
			);
			defaultConfigurationIsVisible = 0;
			defaultConfigurationName = Release;
		};
		84C0B8A023A1490000C4BBC0 /* Build configuration list for PBXNativeTarget "TestRepoTests" */ = {
			isa = XCConfigurationList;
			buildConfigurations = (
				84C0B8A123A1490000C4BBC0 /* Debug */,
				84C0B8A223A1490000C4BBC0 /* Release */,
			);
			defaultConfigurationIsVisible = 0;
			defaultConfigurationName = Release;
		};
		84C0B8A323A1490000C4BBC0 /* Build configuration list for PBXNativeTarget "TestRepoUITests" */ = {
			isa = XCConfigurationList;
			buildConfigurations = (
				84C0B8A423A1490000C4BBC0 /* Debug */,
				84C0B8A523A1490000C4BBC0 /* Release */,
			);
			defaultConfigurationIsVisible = 0;
			defaultConfigurationName = Release;
		};
/* End XCConfigurationList section */

/* Begin XCVersionGroup section */
		84C0B87C23A148FC00C4BBC0 /* TestRepo.xcdatamodeld */ = {
			isa = XCVersionGroup;
			children = (
				84C0B87D23A148FC00C4BBC0 /* TestRepo.xcdatamodel */,
			);
			currentVersion = 84C0B87D23A148FC00C4BBC0 /* TestRepo.xcdatamodel */;
			path = TestRepo.xcdatamodeld;
			sourceTree = "<group>";
			versionGroupType = wrapper.xcdatamodel;
		};
/* End XCVersionGroup section */
	};
	rootObject = 84C0B86823A148FC00C4BBC0 /* Project object */;
}
